
Microsoft Visual Studio Solution File, Format Version 12.00
# Visual Studio 15
VisualStudioVersion = 15.0.27004.2002
MinimumVisualStudioVersion = 10.0.40219.1
Project("{FAE04EC0-301F-11D3-BF4B-00C04F79EFBC}") = "OSGSolutions.Web", "Web\OSGSolutions.Web.csproj", "{62335E8F-181B-4275-A24C-113F0980D7F7}"
EndProject
Global
	GlobalSection(SolutionConfigurationPlatforms) = preSolution
		Debug|Any CPU = Debug|Any CPU
		Release|Any CPU = Release|Any CPU
	EndGlobalSection
	GlobalSection(ProjectConfigurationPlatforms) = postSolution
		{62335E8F-181B-4275-A24C-113F0980D7F7}.Debug|Any CPU.ActiveCfg = Debug|Any CPU
		{62335E8F-181B-4275-A24C-113F0980D7F7}.Debug|Any CPU.Build.0 = Debug|Any CPU
		{62335E8F-181B-4275-A24C-113F0980D7F7}.Release|Any CPU.ActiveCfg = Release|Any CPU
		{62335E8F-181B-4275-A24C-113F0980D7F7}.Release|Any CPU.Build.0 = Release|Any CPU
	EndGlobalSection
	GlobalSection(SolutionProperties) = preSolution
		HideSolutionNode = FALSE
	EndGlobalSection
	GlobalSection(ExtensibilityGlobals) = postSolution
		SolutionGuid = {2CBCA629-6072-44DD-8C2F-A565A0D4D3DB}
	EndGlobalSection
EndGlobal
